
Microsoft Visual Studio Solution File, Format Version 12.00
# Visual Studio Version 16
VisualStudioVersion = 16.0.31019.35
MinimumVisualStudioVersion = 10.0.40219.1
Project("{2150E333-8FDC-42A3-9474-1A3956D46DE8}") = "NotebookApp.Api", "NotebookApp.Api", "{450628FA-6548-4894-B2EA-B6EC57FF9D2C}"
EndProject
Project("{2150E333-8FDC-42A3-9474-1A3956D46DE8}") = "NotebookApp.Web", "NotebookApp.Web", "{06601045-0EA1-4616-99C2-66ADA98EBD0E}"
EndProject
Project("{2150E333-8FDC-42A3-9474-1A3956D46DE8}") = "NotebookApp.IdentityServer", "NotebookApp.IdentityServer", "{1A776818-8935-4E33-B6A3-99582CC98E31}"
EndProject
Project("{FAE04EC0-301F-11D3-BF4B-00C04F79EFBC}") = "NotebookApp.WebApi", "src\NotebookApp.WebApi\NotebookApp.WebApi.csproj", "{49E8B802-85BE-4506-99AC-CA28C7B315E3}"
EndProject
Global
	GlobalSection(SolutionConfigurationPlatforms) = preSolution
		Debug|Any CPU = Debug|Any CPU
		Release|Any CPU = Release|Any CPU
	EndGlobalSection
	GlobalSection(ProjectConfigurationPlatforms) = postSolution
		{49E8B802-85BE-4506-99AC-CA28C7B315E3}.Debug|Any CPU.ActiveCfg = Debug|Any CPU
		{49E8B802-85BE-4506-99AC-CA28C7B315E3}.Debug|Any CPU.Build.0 = Debug|Any CPU
		{49E8B802-85BE-4506-99AC-CA28C7B315E3}.Release|Any CPU.ActiveCfg = Release|Any CPU
		{49E8B802-85BE-4506-99AC-CA28C7B315E3}.Release|Any CPU.Build.0 = Release|Any CPU
	EndGlobalSection
	GlobalSection(SolutionProperties) = preSolution
		HideSolutionNode = FALSE
	EndGlobalSection
	GlobalSection(NestedProjects) = preSolution
		{49E8B802-85BE-4506-99AC-CA28C7B315E3} = {450628FA-6548-4894-B2EA-B6EC57FF9D2C}
	EndGlobalSection
	GlobalSection(ExtensibilityGlobals) = postSolution
		SolutionGuid = {CA61D2BF-8D31-4AB1-9558-3D3E082A4117}
	EndGlobalSection
EndGlobal
